
Microsoft Visual Studio Solution File, Format Version 12.00
# Visual Studio 15
VisualStudioVersion = 15.0.28307.271
MinimumVisualStudioVersion = 10.0.40219.1
Project("{9A19103F-16F7-4668-BE54-9A1E7A4F7556}") = "CustomerInquiry.WebApi", "CustomerInquiry.WebApi\CustomerInquiry.WebApi.csproj", "{3E83C92A-8520-4DC1-9D53-51760A888B8F}"
EndProject
Project("{9A19103F-16F7-4668-BE54-9A1E7A4F7556}") = "CustomerInquiry.DataAccess", "CustomerInquiry.DataAccess\CustomerInquiry.DataAccess.csproj", "{4B1CB072-9B1A-49B8-B61E-63B0062A9243}"
EndProject
Project("{9A19103F-16F7-4668-BE54-9A1E7A4F7556}") = "CustomerInquiry.Services", "CustomerInquiry.Services\CustomerInquiry.Services.csproj", "{41BF6D40-8A7B-4B91-AF0C-C66920375DD4}"
EndProject
Project("{FAE04EC0-301F-11D3-BF4B-00C04F79EFBC}") = "CustomerInquiry.Tests", "CustomerInquiry.Tests\CustomerInquiry.Tests.csproj", "{BB1DAB9F-AC8F-4706-A5D7-E13EC604AE82}"
EndProject
Global
	GlobalSection(SolutionConfigurationPlatforms) = preSolution
		Debug|Any CPU = Debug|Any CPU
		Release|Any CPU = Release|Any CPU
	EndGlobalSection
	GlobalSection(ProjectConfigurationPlatforms) = postSolution
		{3E83C92A-8520-4DC1-9D53-51760A888B8F}.Debug|Any CPU.ActiveCfg = Debug|Any CPU
		{3E83C92A-8520-4DC1-9D53-51760A888B8F}.Debug|Any CPU.Build.0 = Debug|Any CPU
		{3E83C92A-8520-4DC1-9D53-51760A888B8F}.Release|Any CPU.ActiveCfg = Release|Any CPU
		{3E83C92A-8520-4DC1-9D53-51760A888B8F}.Release|Any CPU.Build.0 = Release|Any CPU
		{4B1CB072-9B1A-49B8-B61E-63B0062A9243}.Debug|Any CPU.ActiveCfg = Debug|Any CPU
		{4B1CB072-9B1A-49B8-B61E-63B0062A9243}.Debug|Any CPU.Build.0 = Debug|Any CPU
		{4B1CB072-9B1A-49B8-B61E-63B0062A9243}.Release|Any CPU.ActiveCfg = Release|Any CPU
		{4B1CB072-9B1A-49B8-B61E-63B0062A9243}.Release|Any CPU.Build.0 = Release|Any CPU
		{41BF6D40-8A7B-4B91-AF0C-C66920375DD4}.Debug|Any CPU.ActiveCfg = Debug|Any CPU
		{41BF6D40-8A7B-4B91-AF0C-C66920375DD4}.Debug|Any CPU.Build.0 = Debug|Any CPU
		{41BF6D40-8A7B-4B91-AF0C-C66920375DD4}.Release|Any CPU.ActiveCfg = Release|Any CPU
		{41BF6D40-8A7B-4B91-AF0C-C66920375DD4}.Release|Any CPU.Build.0 = Release|Any CPU
		{BB1DAB9F-AC8F-4706-A5D7-E13EC604AE82}.Debug|Any CPU.ActiveCfg = Debug|Any CPU
		{BB1DAB9F-AC8F-4706-A5D7-E13EC604AE82}.Debug|Any CPU.Build.0 = Debug|Any CPU
		{BB1DAB9F-AC8F-4706-A5D7-E13EC604AE82}.Release|Any CPU.ActiveCfg = Release|Any CPU
		{BB1DAB9F-AC8F-4706-A5D7-E13EC604AE82}.Release|Any CPU.Build.0 = Release|Any CPU
	EndGlobalSection
	GlobalSection(SolutionProperties) = preSolution
		HideSolutionNode = FALSE
	EndGlobalSection
	GlobalSection(ExtensibilityGlobals) = postSolution
		SolutionGuid = {3460617A-6BA0-4886-9972-1CED1CB03127}
	EndGlobalSection
EndGlobal
